
Microsoft Visual Studio Solution File, Format Version 12.00
# Visual Studio Version 17
VisualStudioVersion = 17.7.34221.43
MinimumVisualStudioVersion = 10.0.40219.1
Project("{FAE04EC0-301F-11D3-BF4B-00C04F79EFBC}") = "Dms.Api", "Dms.Api\Dms.Api.csproj", "{AC19C764-C7CB-435F-991E-71A87AD0399A}"
EndProject
Project("{FAE04EC0-301F-11D3-BF4B-00C04F79EFBC}") = "Dms.Core", "Dms.Core\Dms.Core.csproj", "{A6B575AD-4149-47C1-9A2D-E901EF364707}"
EndProject
Global
	GlobalSection(SolutionConfigurationPlatforms) = preSolution
		Debug|Any CPU = Debug|Any CPU
		Release|Any CPU = Release|Any CPU
	EndGlobalSection
	GlobalSection(ProjectConfigurationPlatforms) = postSolution
		{AC19C764-C7CB-435F-991E-71A87AD0399A}.Debug|Any CPU.ActiveCfg = Debug|Any CPU
		{AC19C764-C7CB-435F-991E-71A87AD0399A}.Debug|Any CPU.Build.0 = Debug|Any CPU
		{AC19C764-C7CB-435F-991E-71A87AD0399A}.Release|Any CPU.ActiveCfg = Release|Any CPU
		{AC19C764-C7CB-435F-991E-71A87AD0399A}.Release|Any CPU.Build.0 = Release|Any CPU
		{A6B575AD-4149-47C1-9A2D-E901EF364707}.Debug|Any CPU.ActiveCfg = Debug|Any CPU
		{A6B575AD-4149-47C1-9A2D-E901EF364707}.Debug|Any CPU.Build.0 = Debug|Any CPU
		{A6B575AD-4149-47C1-9A2D-E901EF364707}.Release|Any CPU.ActiveCfg = Release|Any CPU
		{A6B575AD-4149-47C1-9A2D-E901EF364707}.Release|Any CPU.Build.0 = Release|Any CPU
	EndGlobalSection
	GlobalSection(SolutionProperties) = preSolution
		HideSolutionNode = FALSE
	EndGlobalSection
	GlobalSection(ExtensibilityGlobals) = postSolution
		SolutionGuid = {DB844E2E-E97F-4DA2-BC9A-5B7FB057C4AE}
	EndGlobalSection
EndGlobal
